Microsoft Visual Studio Solution File, Format Version 12.00
# Visual Studio Version 17
VisualStudioVersion = 17.5.2.0
MinimumVisualStudioVersion = 10.0.40219.1
Project("{FAE04EC0-301F-11D3-BF4B-00C04F79EFBC}") = "DangNhapSinhVien", "DangNhapSinhVien.csproj", "{327099BA-A217-3CFE-60E5-53B76FFEAFB9}"
EndProject
Global
	GlobalSection(SolutionConfigurationPlatforms) = preSolution
		Debug|Any CPU = Debug|Any CPU
		Release|Any CPU = Release|Any CPU
	EndGlobalSection
	GlobalSection(ProjectConfigurationPlatforms) = postSolution
		{327099BA-A217-3CFE-60E5-53B76FFEAFB9}.Debug|Any CPU.ActiveCfg = Debug|Any CPU
		{327099BA-A217-3CFE-60E5-53B76FFEAFB9}.Debug|Any CPU.Build.0 = Debug|Any CPU
		{327099BA-A217-3CFE-60E5-53B76FFEAFB9}.Release|Any CPU.ActiveCfg = Release|Any CPU
		{327099BA-A217-3CFE-60E5-53B76FFEAFB9}.Release|Any CPU.Build.0 = Release|Any CPU
	EndGlobalSection
	GlobalSection(SolutionProperties) = preSolution
		HideSolutionNode = FALSE
	EndGlobalSection
	GlobalSection(ExtensibilityGlobals) = postSolution
		SolutionGuid = {22B90906-0599-44EC-BE95-5A35FD65C90E}
	EndGlobalSection
EndGlobal
